# This file is automatically @generated by Cargo.
# It is not intended for manual editing.
version = 3

[[package]]
name = "array-init"
version = "2.1.0"
dependencies = [
 "compiler_builtins",
 "rustc-std-workspace-core",
]

[[package]]
name = "autocfg"
version = "1.1.0"
source = "registry+https://github.com/rust-lang/crates.io-index"
checksum = "d468802bab17cbc0cc575e9b053f41e72aa36bfa6b7f55e3529ffa43161b97fa"

[[package]]
name = "bitvec"
version = "1.1.0"
dependencies = [
 "compiler_builtins",
 "funty",
 "radium",
 "rustc-std-workspace-core",
 "tap",
 "wyz",
]

[[package]]
name = "compiler_builtins"
version = "0.1.90"
source = "registry+https://github.com/rust-lang/crates.io-index"
checksum = "a3ca0978cbe31e8ed82689ddb9e97f2839b006f9773c16d85be98d5e9f18673d"

[[package]]
name = "funty"
version = "3.0.0-rc2"
dependencies = [
 "compiler_builtins",
 "rustc-std-workspace-core",
]

[[package]]
name = "intrusive-collections"
version = "0.9.5"
dependencies = [
 "compiler_builtins",
 "memoffset",
 "rustc-std-workspace-core",
]

[[package]]
name = "libos"
version = "0.1.0"
dependencies = [
 "array-init",
 "bitvec",
 "compiler_builtins",
 "intrusive-collections",
 "nasm-rs",
 "rustc-std-workspace-core",
]

[[package]]
name = "memoffset"
version = "0.8.0"
dependencies = [
 "autocfg",
 "compiler_builtins",
 "rustc-std-workspace-core",
]

[[package]]
name = "nasm-rs"
version = "0.2.4"
source = "registry+https://github.com/rust-lang/crates.io-index"
checksum = "ce095842aee9aa3ecbda7a5d2a4df680375fd128a8596b6b56f8e497e231f483"

[[package]]
name = "radium"
version = "0.7.1"
dependencies = [
 "compiler_builtins",
 "rustc-std-workspace-core",
]

[[package]]
name = "rustc-std-workspace-core"
version = "1.0.0"
source = "registry+https://github.com/rust-lang/crates.io-index"
checksum = "1956f5517128a2b6f23ab2dadf1a976f4f5b27962e7724c2bf3d45e539ec098c"

[[package]]
name = "tap"
version = "1.0.1"
dependencies = [
 "compiler_builtins",
 "rustc-std-workspace-core",
]

[[package]]
name = "wyz"
version = "0.5.1"
dependencies = [
 "compiler_builtins",
 "rustc-std-workspace-core",
 "tap",
]
